// !$*UTF8*$!
{
	archiveVersion = 1;
	classes = {
	};
	objectVersion = 51;
	objects = {

/* Begin PBXBuildFile section */
		6BA7EE6CE6EA3B0A8FA61675 /* Pods_DesafioPeixeUrbano.framework in Frameworks */ = {isa = PBXBuildFile; fileRef = F22BC7198DB75A565369D0CA /* Pods_DesafioPeixeUrbano.framework */; };
		920EF319246CA96E0051BAC8 /* receivedJson.swift in Sources */ = {isa = PBXBuildFile; fileRef = 920EF318246CA96E0051BAC8 /* receivedJson.swift */; };
		920EF31B246CA9BA0051BAC8 /* ApiController.swift in Sources */ = {isa = PBXBuildFile; fileRef = 920EF31A246CA9BA0051BAC8 /* ApiController.swift */; };
		9230D09A246C645300C0DFC5 /* ViewControllerViagens.swift in Sources */ = {isa = PBXBuildFile; fileRef = 9230D099246C645300C0DFC5 /* ViewControllerViagens.swift */; };
		9230D09C246C647600C0DFC5 /* ViewControllerProdutos.swift in Sources */ = {isa = PBXBuildFile; fileRef = 9230D09B246C647600C0DFC5 /* ViewControllerProdutos.swift */; };
		9230D0A2246C655600C0DFC5 /* ViewControllerCidade.swift in Sources */ = {isa = PBXBuildFile; fileRef = 9230D0A1246C655600C0DFC5 /* ViewControllerCidade.swift */; };
		9230D0A4246C699200C0DFC5 /* CustomViewCellCidade.swift in Sources */ = {isa = PBXBuildFile; fileRef = 9230D0A3246C699200C0DFC5 /* CustomViewCellCidade.swift */; };
		9230D0A6246C69A800C0DFC5 /* CustomViewCellViagens.swift in Sources */ = {isa = PBXBuildFile; fileRef = 9230D0A5246C69A800C0DFC5 /* CustomViewCellViagens.swift */; };
		9230D0A8246C69BC00C0DFC5 /* CustomViewCellProdutos.swift in Sources */ = {isa = PBXBuildFile; fileRef = 9230D0A7246C69BC00C0DFC5 /* CustomViewCellProdutos.swift */; };
		925DF1202471EC6D000DA975 /* FavoritosTableViewController.swift in Sources */ = {isa = PBXBuildFile; fileRef = 925DF11F2471EC6D000DA975 /* FavoritosTableViewController.swift */; };
		925DF1222471ED00000DA975 /* CustomCellFavoritos.swift in Sources */ = {isa = PBXBuildFile; fileRef = 925DF1212471ED00000DA975 /* CustomCellFavoritos.swift */; };
		925DF1242471F3BF000DA975 /* FavoritosController.swift in Sources */ = {isa = PBXBuildFile; fileRef = 925DF1232471F3BF000DA975 /* FavoritosController.swift */; };
		92688096246C5C420008B4D2 /* AppDelegate.swift in Sources */ = {isa = PBXBuildFile; fileRef = 92688095246C5C420008B4D2 /* AppDelegate.swift */; };
		92688098246C5C420008B4D2 /* SceneDelegate.swift in Sources */ = {isa = PBXBuildFile; fileRef = 92688097246C5C420008B4D2 /* SceneDelegate.swift */; };
		9268809D246C5C420008B4D2 /* Main.storyboard in Resources */ = {isa = PBXBuildFile; fileRef = 9268809B246C5C420008B4D2 /* Main.storyboard */; };
		926880A0246C5C420008B4D2 /* DesafioPeixeUrbano.xcdatamodeld in Sources */ = {isa = PBXBuildFile; fileRef = 9268809E246C5C420008B4D2 /* DesafioPeixeUrbano.xcdatamodeld */; };
		926880A2246C5C440008B4D2 /* Assets.xcassets in Resources */ = {isa = PBXBuildFile; fileRef = 926880A1246C5C440008B4D2 /* Assets.xcassets */; };
		926880A5246C5C440008B4D2 /* LaunchScreen.storyboard in Resources */ = {isa = PBXBuildFile; fileRef = 926880A3246C5C440008B4D2 /* LaunchScreen.storyboard */; };
/* End PBXBuildFile section */

/* Begin PBXFileReference section */
		2435823B3D84A35F19A4697D /* Pods-DesafioPeixeUrbano.debug.xcconfig */ = {isa = PBXFileReference; includeInIndex = 1; lastKnownFileType = text.xcconfig; name = "Pods-DesafioPeixeUrbano.debug.xcconfig"; path = "Target Support Files/Pods-DesafioPeixeUrbano/Pods-DesafioPeixeUrbano.debug.xcconfig"; sourceTree = "<group>"; };
		920EF318246CA96E0051BAC8 /* receivedJson.swift */ = {isa = PBXFileReference; lastKnownFileType = sourcecode.swift; path = receivedJson.swift; sourceTree = "<group>"; };
		920EF31A246CA9BA0051BAC8 /* ApiController.swift */ = {isa = PBXFileReference; lastKnownFileType = sourcecode.swift; path = ApiController.swift; sourceTree = "<group>"; };
		9230D099246C645300C0DFC5 /* ViewControllerViagens.swift */ = {isa = PBXFileReference; lastKnownFileType = sourcecode.swift; path = ViewControllerViagens.swift; sourceTree = "<group>"; };
		9230D09B246C647600C0DFC5 /* ViewControllerProdutos.swift */ = {isa = PBXFileReference; lastKnownFileType = sourcecode.swift; path = ViewControllerProdutos.swift; sourceTree = "<group>"; };
		9230D0A1246C655600C0DFC5 /* ViewControllerCidade.swift */ = {isa = PBXFileReference; lastKnownFileType = sourcecode.swift; path = ViewControllerCidade.swift; sourceTree = "<group>"; };
		9230D0A3246C699200C0DFC5 /* CustomViewCellCidade.swift */ = {isa = PBXFileReference; lastKnownFileType = sourcecode.swift; path = CustomViewCellCidade.swift; sourceTree = "<group>"; };
		9230D0A5246C69A800C0DFC5 /* CustomViewCellViagens.swift */ = {isa = PBXFileReference; lastKnownFileType = sourcecode.swift; path = CustomViewCellViagens.swift; sourceTree = "<group>"; };
		9230D0A7246C69BC00C0DFC5 /* CustomViewCellProdutos.swift */ = {isa = PBXFileReference; lastKnownFileType = sourcecode.swift; path = CustomViewCellProdutos.swift; sourceTree = "<group>"; };
		925DF11F2471EC6D000DA975 /* FavoritosTableViewController.swift */ = {isa = PBXFileReference; lastKnownFileType = sourcecode.swift; path = FavoritosTableViewController.swift; sourceTree = "<group>"; };
		925DF1212471ED00000DA975 /* CustomCellFavoritos.swift */ = {isa = PBXFileReference; lastKnownFileType = sourcecode.swift; path = CustomCellFavoritos.swift; sourceTree = "<group>"; };
		925DF1232471F3BF000DA975 /* FavoritosController.swift */ = {isa = PBXFileReference; lastKnownFileType = sourcecode.swift; path = FavoritosController.swift; sourceTree = "<group>"; };
		92688092246C5C420008B4D2 /* DesafioPeixeUrbano.app */ = {isa = PBXFileReference; explicitFileType = wrapper.application; includeInIndex = 0; path = DesafioPeixeUrbano.app; sourceTree = BUILT_PRODUCTS_DIR; };
		92688095246C5C420008B4D2 /* AppDelegate.swift */ = {isa = PBXFileReference; lastKnownFileType = sourcecode.swift; path = AppDelegate.swift; sourceTree = "<group>"; };
		92688097246C5C420008B4D2 /* SceneDelegate.swift */ = {isa = PBXFileReference; lastKnownFileType = sourcecode.swift; path = SceneDelegate.swift; sourceTree = "<group>"; };
		9268809C246C5C420008B4D2 /* Base */ = {isa = PBXFileReference; lastKnownFileType = file.storyboard; name = Base; path = Base.lproj/Main.storyboard; sourceTree = "<group>"; };
		9268809F246C5C420008B4D2 /* DesafioPeixeUrbano.xcdatamodel */ = {isa = PBXFileReference; lastKnownFileType = wrapper.xcdatamodel; path = DesafioPeixeUrbano.xcdatamodel; sourceTree = "<group>"; };
		926880A1246C5C440008B4D2 /* Assets.xcassets */ = {isa = PBXFileReference; lastKnownFileType = folder.assetcatalog; path = Assets.xcassets; sourceTree = "<group>"; };
		926880A4246C5C440008B4D2 /* Base */ = {isa = PBXFileReference; lastKnownFileType = file.storyboard; name = Base; path = Base.lproj/LaunchScreen.storyboard; sourceTree = "<group>"; };
		926880A6246C5C440008B4D2 /* Info.plist */ = {isa = PBXFileReference; lastKnownFileType = text.plist.xml; path = Info.plist; sourceTree = "<group>"; };
		9C7976761F3C6AEEF92E2D86 /* Pods-DesafioPeixeUrbano.release.xcconfig */ = {isa = PBXFileReference; includeInIndex = 1; lastKnownFileType = text.xcconfig; name = "Pods-DesafioPeixeUrbano.release.xcconfig"; path = "Target Support Files/Pods-DesafioPeixeUrbano/Pods-DesafioPeixeUrbano.release.xcconfig"; sourceTree = "<group>"; };
		F22BC7198DB75A565369D0CA /* Pods_DesafioPeixeUrbano.framework */ = {isa = PBXFileReference; explicitFileType = wrapper.framework; includeInIndex = 0; path = Pods_DesafioPeixeUrbano.framework; sourceTree = BUILT_PRODUCTS_DIR; };
/* End PBXFileReference section */

/* Begin PBXFrameworksBuildPhase section */
		9268808F246C5C420008B4D2 /* Frameworks */ = {
			isa = PBXFrameworksBuildPhase;
			buildActionMask = 2147483647;
			files = (
				6BA7EE6CE6EA3B0A8FA61675 /* Pods_DesafioPeixeUrbano.framework in Frameworks */,
			);
			runOnlyForDeploymentPostprocessing = 0;
		};
/* End PBXFrameworksBuildPhase section */

/* Begin PBXGroup section */
		02B6F73B00CD937BD9EB6E45 /* Pods */ = {
			isa = PBXGroup;
			children = (
				2435823B3D84A35F19A4697D /* Pods-DesafioPeixeUrbano.debug.xcconfig */,
				9C7976761F3C6AEEF92E2D86 /* Pods-DesafioPeixeUrbano.release.xcconfig */,
			);
			path = Pods;
			sourceTree = "<group>";
		};
		760F16023CC54A0EEFA303E7 /* Frameworks */ = {
			isa = PBXGroup;
			children = (
				F22BC7198DB75A565369D0CA /* Pods_DesafioPeixeUrbano.framework */,
			);
			name = Frameworks;
			sourceTree = "<group>";
		};
		9230D09D246C648400C0DFC5 /* Model */ = {
			isa = PBXGroup;
			children = (
				920EF318246CA96E0051BAC8 /* receivedJson.swift */,
			);
			path = Model;
			sourceTree = "<group>";
		};
		9230D09F246C64A400C0DFC5 /* View */ = {
			isa = PBXGroup;
			children = (
				9230D0A1246C655600C0DFC5 /* ViewControllerCidade.swift */,
				9230D099246C645300C0DFC5 /* ViewControllerViagens.swift */,
				9230D09B246C647600C0DFC5 /* ViewControllerProdutos.swift */,
				9230D0A3246C699200C0DFC5 /* CustomViewCellCidade.swift */,
				9230D0A5246C69A800C0DFC5 /* CustomViewCellViagens.swift */,
				9230D0A7246C69BC00C0DFC5 /* CustomViewCellProdutos.swift */,
				925DF11F2471EC6D000DA975 /* FavoritosTableViewController.swift */,
				925DF1212471ED00000DA975 /* CustomCellFavoritos.swift */,
			);
			path = View;
			sourceTree = "<group>";
		};
		9230D0A0246C64AF00C0DFC5 /* Controller */ = {
			isa = PBXGroup;
			children = (
				925DF1232471F3BF000DA975 /* FavoritosController.swift */,
				920EF31A246CA9BA0051BAC8 /* ApiController.swift */,
			);
			path = Controller;
			sourceTree = "<group>";
		};
		92688089246C5C420008B4D2 = {
			isa = PBXGroup;
			children = (
				92688094246C5C420008B4D2 /* DesafioPeixeUrbano */,
				92688093246C5C420008B4D2 /* Products */,
				02B6F73B00CD937BD9EB6E45 /* Pods */,
				760F16023CC54A0EEFA303E7 /* Frameworks */,
			);
			sourceTree = "<group>";
		};
		92688093246C5C420008B4D2 /* Products */ = {
			isa = PBXGroup;
			children = (
				92688092246C5C420008B4D2 /* DesafioPeixeUrbano.app */,
			);
			name = Products;
			sourceTree = "<group>";
		};
		92688094246C5C420008B4D2 /* DesafioPeixeUrbano */ = {
			isa = PBXGroup;
			children = (
				9230D09D246C648400C0DFC5 /* Model */,
				9230D09F246C64A400C0DFC5 /* View */,
				9230D0A0246C64AF00C0DFC5 /* Controller */,
				92688095246C5C420008B4D2 /* AppDelegate.swift */,
				92688097246C5C420008B4D2 /* SceneDelegate.swift */,
				9268809B246C5C420008B4D2 /* Main.storyboard */,
				926880A1246C5C440008B4D2 /* Assets.xcassets */,
				926880A3246C5C440008B4D2 /* LaunchScreen.storyboard */,
				926880A6246C5C440008B4D2 /* Info.plist */,
				9268809E246C5C420008B4D2 /* DesafioPeixeUrbano.xcdatamodeld */,
			);
			path = DesafioPeixeUrbano;
			sourceTree = "<group>";
		};
/* End PBXGroup section */

/* Begin PBXNativeTarget section */
		92688091246C5C420008B4D2 /* DesafioPeixeUrbano */ = {
			isa = PBXNativeTarget;
			buildConfigurationList = 926880A9246C5C440008B4D2 /* Build configuration list for PBXNativeTarget "DesafioPeixeUrbano" */;
			buildPhases = (
				18317F9FF19372F2882E0D26 /* [CP] Check Pods Manifest.lock */,
				9268808E246C5C420008B4D2 /* Sources */,
				9268808F246C5C420008B4D2 /* Frameworks */,
				92688090246C5C420008B4D2 /* Resources */,
				0BA043CE2B622AF303AAFE9B /* [CP] Embed Pods Frameworks */,
			);
			buildRules = (
			);
			dependencies = (
			);
			name = DesafioPeixeUrbano;
			productName = DesafioPeixeUrbano;
			productReference = 92688092246C5C420008B4D2 /* DesafioPeixeUrbano.app */;
			productType = "com.apple.product-type.application";
		};
/* End PBXNativeTarget section */

/* Begin PBXProject section */
		9268808A246C5C420008B4D2 /* Project object */ = {
			isa = PBXProject;
			attributes = {
				LastSwiftUpdateCheck = 1140;
				LastUpgradeCheck = 1140;
				ORGANIZATIONNAME = "Denis Janoto";
				TargetAttributes = {
					92688091246C5C420008B4D2 = {
						CreatedOnToolsVersion = 11.4.1;
					};
				};
			};
			buildConfigurationList = 9268808D246C5C420008B4D2 /* Build configuration list for PBXProject "DesafioPeixeUrbano" */;
			compatibilityVersion = "Xcode 9.3";
			developmentRegion = en;
			hasScannedForEncodings = 0;
			knownRegions = (
				en,
				Base,
			);
			mainGroup = 92688089246C5C420008B4D2;
			productRefGroup = 92688093246C5C420008B4D2 /* Products */;
			projectDirPath = "";
			projectRoot = "";
			targets = (
				92688091246C5C420008B4D2 /* DesafioPeixeUrbano */,
			);
		};
/* End PBXProject section */

/* Begin PBXResourcesBuildPhase section */
		92688090246C5C420008B4D2 /* Resources */ = {
			isa = PBXResourcesBuildPhase;
			buildActionMask = 2147483647;
			files = (
				926880A5246C5C440008B4D2 /* LaunchScreen.storyboard in Resources */,
				926880A2246C5C440008B4D2 /* Assets.xcassets in Resources */,
				9268809D246C5C420008B4D2 /* Main.storyboard in Resources */,
			);
			runOnlyForDeploymentPostprocessing = 0;
		};
/* End PBXResourcesBuildPhase section */

/* Begin PBXShellScriptBuildPhase section */
		0BA043CE2B622AF303AAFE9B /* [CP] Embed Pods Frameworks */ = {
			isa = PBXShellScriptBuildPhase;
			buildActionMask = 2147483647;
			files = (
			);
			inputFileListPaths = (
				"${PODS_ROOT}/Target Support Files/Pods-DesafioPeixeUrbano/Pods-DesafioPeixeUrbano-frameworks-${CONFIGURATION}-input-files.xcfilelist",
			);
			name = "[CP] Embed Pods Frameworks";
			outputFileListPaths = (
				"${PODS_ROOT}/Target Support Files/Pods-DesafioPeixeUrbano/Pods-DesafioPeixeUrbano-frameworks-${CONFIGURATION}-output-files.xcfilelist",
			);
			runOnlyForDeploymentPostprocessing = 0;
			shellPath = /bin/sh;
			shellScript = "\"${PODS_ROOT}/Target Support Files/Pods-DesafioPeixeUrbano/Pods-DesafioPeixeUrbano-frameworks.sh\"\n";
			showEnvVarsInLog = 0;
		};
		18317F9FF19372F2882E0D26 /* [CP] Check Pods Manifest.lock */ = {
			isa = PBXShellScriptBuildPhase;
			buildActionMask = 2147483647;
			files = (
			);
			inputFileListPaths = (
			);
			inputPaths = (
				"${PODS_PODFILE_DIR_PATH}/Podfile.lock",
				"${PODS_ROOT}/Manifest.lock",
			);
			name = "[CP] Check Pods Manifest.lock";
			outputFileListPaths = (
			);
			outputPaths = (
				"$(DERIVED_FILE_DIR)/Pods-DesafioPeixeUrbano-checkManifestLockResult.txt",
			);
			runOnlyForDeploymentPostprocessing = 0;
			shellPath = /bin/sh;
			shellScript = "diff \"${PODS_PODFILE_DIR_PATH}/Podfile.lock\" \"${PODS_ROOT}/Manifest.lock\" > /dev/null\nif [ $? != 0 ] ; then\n    # print error to STDERR\n    echo \"error: The sandbox is not in sync with the Podfile.lock. Run 'pod install' or update your CocoaPods installation.\" >&2\n    exit 1\nfi\n# This output is used by Xcode 'outputs' to avoid re-running this script phase.\necho \"SUCCESS\" > \"${SCRIPT_OUTPUT_FILE_0}\"\n";
			showEnvVarsInLog = 0;
		};
/* End PBXShellScriptBuildPhase section */

/* Begin PBXSourcesBuildPhase section */
		9268808E246C5C420008B4D2 /* Sources */ = {
			isa = PBXSourcesBuildPhase;
			buildActionMask = 2147483647;
			files = (
				926880A0246C5C420008B4D2 /* DesafioPeixeUrbano.xcdatamodeld in Sources */,
				9230D0A6246C69A800C0DFC5 /* CustomViewCellViagens.swift in Sources */,
				9230D0A8246C69BC00C0DFC5 /* CustomViewCellProdutos.swift in Sources */,
				920EF31B246CA9BA0051BAC8 /* ApiController.swift in Sources */,
				9230D0A4246C699200C0DFC5 /* CustomViewCellCidade.swift in Sources */,
				925DF1222471ED00000DA975 /* CustomCellFavoritos.swift in Sources */,
				925DF1202471EC6D000DA975 /* FavoritosTableViewController.swift in Sources */,
				925DF1242471F3BF000DA975 /* FavoritosController.swift in Sources */,
				9230D09A246C645300C0DFC5 /* ViewControllerViagens.swift in Sources */,
				9230D0A2246C655600C0DFC5 /* ViewControllerCidade.swift in Sources */,
				9230D09C246C647600C0DFC5 /* ViewControllerProdutos.swift in Sources */,
				92688096246C5C420008B4D2 /* AppDelegate.swift in Sources */,
				920EF319246CA96E0051BAC8 /* receivedJson.swift in Sources */,
				92688098246C5C420008B4D2 /* SceneDelegate.swift in Sources */,
			);
			runOnlyForDeploymentPostprocessing = 0;
		};
/* End PBXSourcesBuildPhase section */

/* Begin PBXVariantGroup section */
		9268809B246C5C420008B4D2 /* Main.storyboard */ = {
			isa = PBXVariantGroup;
			children = (
				9268809C246C5C420008B4D2 /* Base */,
			);
			name = Main.storyboard;
			sourceTree = "<group>";
		};
		926880A3246C5C440008B4D2 /* LaunchScreen.storyboard */ = {
			isa = PBXVariantGroup;
			children = (
				926880A4246C5C440008B4D2 /* Base */,
			);
			name = LaunchScreen.storyboard;
			sourceTree = "<group>";
		};
/* End PBXVariantGroup section */

/* Begin XCBuildConfiguration section */
		926880A7246C5C440008B4D2 /* Debug */ = {
			isa = XCBuildConfiguration;
			buildSettings = {
				ALWAYS_SEARCH_USER_PATHS = NO;
				CLANG_ANALYZER_NONNULL = YES;
				CLANG_ANALYZER_NUMBER_OBJECT_CONVERSION = YES_AGGRESSIVE;
				CLANG_CXX_LANGUAGE_STANDARD = "gnu++14";
				CLANG_CXX_LIBRARY = "libc++";
				CLANG_ENABLE_MODULES = YES;
				CLANG_ENABLE_OBJC_ARC = YES;
				CLANG_ENABLE_OBJC_WEAK = YES;
				CLANG_WARN_BLOCK_CAPTURE_AUTORELEASING = YES;
				CLANG_WARN_BOOL_CONVERSION = YES;
				CLANG_WARN_COMMA = YES;
				CLANG_WARN_CONSTANT_CONVERSION = YES;
				CLANG_WARN_DEPRECATED_OBJC_IMPLEMENTATIONS = YES;
				CLANG_WARN_DIRECT_OBJC_ISA_USAGE = YES_ERROR;
				CLANG_WARN_DOCUMENTATION_COMMENTS = YES;
				CLANG_WARN_EMPTY_BODY = YES;
				CLANG_WARN_ENUM_CONVERSION = YES;
				CLANG_WARN_INFINITE_RECURSION = YES;
				CLANG_WARN_INT_CONVERSION = YES;
				CLANG_WARN_NON_LITERAL_NULL_CONVERSION = YES;
				CLANG_WARN_OBJC_IMPLICIT_RETAIN_SELF = YES;
				CLANG_WARN_OBJC_LITERAL_CONVERSION = YES;
				CLANG_WARN_OBJC_ROOT_CLASS = YES_ERROR;
				CLANG_WARN_RANGE_LOOP_ANALYSIS = YES;
				CLANG_WARN_STRICT_PROTOTYPES = YES;
				CLANG_WARN_SUSPICIOUS_MOVE = YES;
				CLANG_WARN_UNGUARDED_AVAILABILITY = YES_AGGRESSIVE;
				CLANG_WARN_UNREACHABLE_CODE = YES;
				CLANG_WARN__DUPLICATE_METHOD_MATCH = YES;
				COPY_PHASE_STRIP = NO;
				DEBUG_INFORMATION_FORMAT = dwarf;
				ENABLE_STRICT_OBJC_MSGSEND = YES;
				ENABLE_TESTABILITY = YES;
				GCC_C_LANGUAGE_STANDARD = gnu11;
				GCC_DYNAMIC_NO_PIC = NO;
				GCC_NO_COMMON_BLOCKS = YES;
				GCC_OPTIMIZATION_LEVEL = 0;
				GCC_PREPROCESSOR_DEFINITIONS = (
					"DEBUG=1",
					"$(inherited)",
				);
				GCC_WARN_64_TO_32_BIT_CONVERSION = YES;
				GCC_WARN_ABOUT_RETURN_TYPE = YES_ERROR;
				GCC_WARN_UNDECLARED_SELECTOR = YES;
				GCC_WARN_UNINITIALIZED_AUTOS = YES_AGGRESSIVE;
				GCC_WARN_UNUSED_FUNCTION = YES;
				GCC_WARN_UNUSED_VARIABLE = YES;
				IPHONEOS_DEPLOYMENT_TARGET = 13.4;
				MTL_ENABLE_DEBUG_INFO = INCLUDE_SOURCE;
				MTL_FAST_MATH = YES;
				ONLY_ACTIVE_ARCH = YES;
				SDKROOT = iphoneos;
				SWIFT_ACTIVE_COMPILATION_CONDITIONS = DEBUG;
				SWIFT_OPTIMIZATION_LEVEL = "-Onone";
			};
			name = Debug;
		};
		926880A8246C5C440008B4D2 /* Release */ = {
			isa = XCBuildConfiguration;
			buildSettings = {
				ALWAYS_SEARCH_USER_PATHS = NO;
				CLANG_ANALYZER_NONNULL = YES;
				CLANG_ANALYZER_NUMBER_OBJECT_CONVERSION = YES_AGGRESSIVE;
				CLANG_CXX_LANGUAGE_STANDARD = "gnu++14";
				CLANG_CXX_LIBRARY = "libc++";
				CLANG_ENABLE_MODULES = YES;
				CLANG_ENABLE_OBJC_ARC = YES;
				CLANG_ENABLE_OBJC_WEAK = YES;
				CLANG_WARN_BLOCK_CAPTURE_AUTORELEASING = YES;
				CLANG_WARN_BOOL_CONVERSION = YES;
				CLANG_WARN_COMMA = YES;
				CLANG_WARN_CONSTANT_CONVERSION = YES;
				CLANG_WARN_DEPRECATED_OBJC_IMPLEMENTATIONS = YES;
				CLANG_WARN_DIRECT_OBJC_ISA_USAGE = YES_ERROR;
				CLANG_WARN_DOCUMENTATION_COMMENTS = YES;
				CLANG_WARN_EMPTY_BODY = YES;
				CLANG_WARN_ENUM_CONVERSION = YES;
				CLANG_WARN_INFINITE_RECURSION = YES;
				CLANG_WARN_INT_CONVERSION = YES;
				CLANG_WARN_NON_LITERAL_NULL_CONVERSION = YES;
				CLANG_WARN_OBJC_IMPLICIT_RETAIN_SELF = YES;
				CLANG_WARN_OBJC_LITERAL_CONVERSION = YES;
				CLANG_WARN_OBJC_ROOT_CLASS = YES_ERROR;
				CLANG_WARN_RANGE_LOOP_ANALYSIS = YES;
				CLANG_WARN_STRICT_PROTOTYPES = YES;
				CLANG_WARN_SUSPICIOUS_MOVE = YES;
				CLANG_WARN_UNGUARDED_AVAILABILITY = YES_AGGRESSIVE;
				CLANG_WARN_UNREACHABLE_CODE = YES;
				CLANG_WARN__DUPLICATE_METHOD_MATCH = YES;
				COPY_PHASE_STRIP = NO;
				DEBUG_INFORMATION_FORMAT = "dwarf-with-dsym";
				ENABLE_NS_ASSERTIONS = NO;
				ENABLE_STRICT_OBJC_MSGSEND = YES;
				GCC_C_LANGUAGE_STANDARD = gnu11;
				GCC_NO_COMMON_BLOCKS = YES;
				GCC_WARN_64_TO_32_BIT_CONVERSION = YES;
				GCC_WARN_ABOUT_RETURN_TYPE = YES_ERROR;
				GCC_WARN_UNDECLARED_SELECTOR = YES;
				GCC_WARN_UNINITIALIZED_AUTOS = YES_AGGRESSIVE;
				GCC_WARN_UNUSED_FUNCTION = YES;
				GCC_WARN_UNUSED_VARIABLE = YES;
				IPHONEOS_DEPLOYMENT_TARGET = 13.4;
				MTL_ENABLE_DEBUG_INFO = NO;
				MTL_FAST_MATH = YES;
				SDKROOT = iphoneos;
				SWIFT_COMPILATION_MODE = wholemodule;
				SWIFT_OPTIMIZATION_LEVEL = "-O";
				VALIDATE_PRODUCT = YES;
			};
			name = Release;
		};
		926880AA246C5C440008B4D2 /* Debug */ = {
			isa = XCBuildConfiguration;
			baseConfigurationReference = 2435823B3D84A35F19A4697D /* Pods-DesafioPeixeUrbano.debug.xcconfig */;
			buildSettings = {
				ASSETCATALOG_COMPILER_APPICON_NAME = AppIcon;
				CODE_SIGN_STYLE = Automatic;
				INFOPLIST_FILE = DesafioPeixeUrbano/Info.plist;
				LD_RUNPATH_SEARCH_PATHS = (
					"$(inherited)",
					"@executable_path/Frameworks",
				);
				PRODUCT_BUNDLE_IDENTIFIER = br.com.DesafioPeixeUrbano;
				PRODUCT_NAME = "$(TARGET_NAME)";
				SWIFT_VERSION = 5.0;
				TARGETED_DEVICE_FAMILY = 1;
			};
			name = Debug;
		};
		926880AB246C5C440008B4D2 /* Release */ = {
			isa = XCBuildConfiguration;
			baseConfigurationReference = 9C7976761F3C6AEEF92E2D86 /* Pods-DesafioPeixeUrbano.release.xcconfig */;
			buildSettings = {
				ASSETCATALOG_COMPILER_APPICON_NAME = AppIcon;
				CODE_SIGN_STYLE = Automatic;
				INFOPLIST_FILE = DesafioPeixeUrbano/Info.plist;
				LD_RUNPATH_SEARCH_PATHS = (
					"$(inherited)",
					"@executable_path/Frameworks",
				);
				PRODUCT_BUNDLE_IDENTIFIER = br.com.DesafioPeixeUrbano;
				PRODUCT_NAME = "$(TARGET_NAME)";
				SWIFT_VERSION = 5.0;
				TARGETED_DEVICE_FAMILY = 1;
			};
			name = Release;
		};
/* End XCBuildConfiguration section */

/* Begin XCConfigurationList section */
		9268808D246C5C420008B4D2 /* Build configuration list for PBXProject "DesafioPeixeUrbano" */ = {
			isa = XCConfigurationList;
			buildConfigurations = (
				926880A7246C5C440008B4D2 /* Debug */,
				926880A8246C5C440008B4D2 /* Release */,
			);
			defaultConfigurationIsVisible = 0;
			defaultConfigurationName = Release;
		};
		926880A9246C5C440008B4D2 /* Build configuration list for PBXNativeTarget "DesafioPeixeUrbano" */ = {
			isa = XCConfigurationList;
			buildConfigurations = (
				926880AA246C5C440008B4D2 /* Debug */,
				926880AB246C5C440008B4D2 /* Release */,
			);
			defaultConfigurationIsVisible = 0;
			defaultConfigurationName = Release;
		};
/* End XCConfigurationList section */

/* Begin XCVersionGroup section */
		9268809E246C5C420008B4D2 /* DesafioPeixeUrbano.xcdatamodeld */ = {
			isa = XCVersionGroup;
			children = (
				9268809F246C5C420008B4D2 /* DesafioPeixeUrbano.xcdatamodel */,
			);
			currentVersion = 9268809F246C5C420008B4D2 /* DesafioPeixeUrbano.xcdatamodel */;
			path = DesafioPeixeUrbano.xcdatamodeld;
			sourceTree = "<group>";
			versionGroupType = wrapper.xcdatamodel;
		};
/* End XCVersionGroup section */
	};
	rootObject = 9268808A246C5C420008B4D2 /* Project object */;
}
